
Microsoft Visual Studio Solution File, Format Version 12.00
# Visual Studio Version 16
VisualStudioVersion = 16.0.33927.289
MinimumVisualStudioVersion = 10.0.40219.1
Project("{2150E333-8FDC-42A3-9474-1A3956D46DE8}") = "Task0", "Task0", "{737834B2-AF9C-4C41-BF6B-4BF7B2FADD9A}"
EndProject
Project("{FAE04EC0-301F-11D3-BF4B-00C04F79EFBC}") = "Tyuiu.KarpenkoNA.Sprint5.Task0.V8", "Tyuiu.KarpenkoNA.Sprint5.Task0.V8\Tyuiu.KarpenkoNA.Sprint5.Task0.V8.csproj", "{2EF799B0-4257-4AD0-BB81-9F9AD14E3C66}"
EndProject
Project("{FAE04EC0-301F-11D3-BF4B-00C04F79EFBC}") = "Tyuiu.KarpenkoNA.Sprint5.Task0.V8.Lib", "Tyuiu.KarpenkoNA.Sprint5.Task0.V8.Lib\Tyuiu.KarpenkoNA.Sprint5.Task0.V8.Lib.csproj", "{E61CE012-D9B3-4DE3-9EA1-8447D8C94AF8}"
EndProject
Project("{FAE04EC0-301F-11D3-BF4B-00C04F79EFBC}") = "Tyuiu.KarpenkoNA.Sprint5.Task0.V8.Test", "Tyuiu.KarpenkoNA.Sprint5.Task0.V8.Test\Tyuiu.KarpenkoNA.Sprint5.Task0.V8.Test.csproj", "{126D3692-88A5-44E0-96EA-3D6C6BE97397}"
EndProject
Project("{2150E333-8FDC-42A3-9474-1A3956D46DE8}") = "Task1", "Task1", "{35F64345-E8BE-4186-9DCD-D6F9A170019D}"
EndProject
Project("{FAE04EC0-301F-11D3-BF4B-00C04F79EFBC}") = "Tyuiu.KarpenkoNA.Sprint5.Task1.V26", "Tyuiu.KarpenkoNA.Sprint5.Task1.V26\Tyuiu.KarpenkoNA.Sprint5.Task1.V26.csproj", "{F8BD223B-1C6E-498F-96FF-6A6BF1F2A5F9}"
EndProject
Project("{FAE04EC0-301F-11D3-BF4B-00C04F79EFBC}") = "Tyuiu.KarpenkoNA.Sprint5.Task1.V26.Lib", "Tyuiu.KarpenkoNA.Sprint5.Task1.V26.Lib\Tyuiu.KarpenkoNA.Sprint5.Task1.V26.Lib.csproj", "{1AB2A543-3645-4013-BC7A-2C871F77C03F}"
EndProject
Project("{FAE04EC0-301F-11D3-BF4B-00C04F79EFBC}") = "Tyuiu.KarpenkoNA.Sprint5.Task1.V26.Test", "Tyuiu.KarpenkoNA.Sprint5.Task1.V26.Test\Tyuiu.KarpenkoNA.Sprint5.Task1.V26.Test.csproj", "{2492E445-C40C-4BA6-BC16-CA1F7E4BA5DE}"
EndProject
Project("{2150E333-8FDC-42A3-9474-1A3956D46DE8}") = "Task2", "Task2", "{B438447C-3394-4B5E-955E-3EF19A310BA3}"
EndProject
Project("{FAE04EC0-301F-11D3-BF4B-00C04F79EFBC}") = "Tyuiu.KarpenkoNA.Sprint5.Task2.V21", "Tyuiu.KarpenkoNA.Sprint5.Task2.V21\Tyuiu.KarpenkoNA.Sprint5.Task2.V21.csproj", "{900DEC89-A2FE-46A8-97A6-648EF79A817D}"
EndProject
Project("{FAE04EC0-301F-11D3-BF4B-00C04F79EFBC}") = "Tyuiu.KarpenkoNA.Sprint5.Task2.V21.Lib", "Tyuiu.KarpenkoNA.Sprint5.Task2.V21.Lib\Tyuiu.KarpenkoNA.Sprint5.Task2.V21.Lib.csproj", "{8CC91FC1-DCA0-4CA4-B5B1-FA663021597B}"
EndProject
Project("{FAE04EC0-301F-11D3-BF4B-00C04F79EFBC}") = "Tyuiu.KarpenkoNA.Sprint5.Task2.V21.Test", "Tyuiu.KarpenkoNA.Sprint5.Task2.V21.Test\Tyuiu.KarpenkoNA.Sprint5.Task2.V21.Test.csproj", "{71EE7F78-F01C-4BB6-823B-EEF2FF5A7AF1}"
EndProject
Global
	GlobalSection(SolutionConfigurationPlatforms) = preSolution
		Debug|Any CPU = Debug|Any CPU
		Release|Any CPU = Release|Any CPU
	EndGlobalSection
	GlobalSection(ProjectConfigurationPlatforms) = postSolution
		{2EF799B0-4257-4AD0-BB81-9F9AD14E3C66}.Debug|Any CPU.ActiveCfg = Debug|Any CPU
		{2EF799B0-4257-4AD0-BB81-9F9AD14E3C66}.Debug|Any CPU.Build.0 = Debug|Any CPU
		{2EF799B0-4257-4AD0-BB81-9F9AD14E3C66}.Release|Any CPU.ActiveCfg = Release|Any CPU
		{2EF799B0-4257-4AD0-BB81-9F9AD14E3C66}.Release|Any CPU.Build.0 = Release|Any CPU
		{E61CE012-D9B3-4DE3-9EA1-8447D8C94AF8}.Debug|Any CPU.ActiveCfg = Debug|Any CPU
		{E61CE012-D9B3-4DE3-9EA1-8447D8C94AF8}.Debug|Any CPU.Build.0 = Debug|Any CPU
		{E61CE012-D9B3-4DE3-9EA1-8447D8C94AF8}.Release|Any CPU.ActiveCfg = Release|Any CPU
		{E61CE012-D9B3-4DE3-9EA1-8447D8C94AF8}.Release|Any CPU.Build.0 = Release|Any CPU
		{126D3692-88A5-44E0-96EA-3D6C6BE97397}.Debug|Any CPU.ActiveCfg = Debug|Any CPU
		{126D3692-88A5-44E0-96EA-3D6C6BE97397}.Debug|Any CPU.Build.0 = Debug|Any CPU
		{126D3692-88A5-44E0-96EA-3D6C6BE97397}.Release|Any CPU.ActiveCfg = Release|Any CPU
		{126D3692-88A5-44E0-96EA-3D6C6BE97397}.Release|Any CPU.Build.0 = Release|Any CPU
		{F8BD223B-1C6E-498F-96FF-6A6BF1F2A5F9}.Debug|Any CPU.ActiveCfg = Debug|Any CPU
		{F8BD223B-1C6E-498F-96FF-6A6BF1F2A5F9}.Debug|Any CPU.Build.0 = Debug|Any CPU
		{F8BD223B-1C6E-498F-96FF-6A6BF1F2A5F9}.Release|Any CPU.ActiveCfg = Release|Any CPU
		{F8BD223B-1C6E-498F-96FF-6A6BF1F2A5F9}.Release|Any CPU.Build.0 = Release|Any CPU
		{1AB2A543-3645-4013-BC7A-2C871F77C03F}.Debug|Any CPU.ActiveCfg = Debug|Any CPU
		{1AB2A543-3645-4013-BC7A-2C871F77C03F}.Debug|Any CPU.Build.0 = Debug|Any CPU
		{1AB2A543-3645-4013-BC7A-2C871F77C03F}.Release|Any CPU.ActiveCfg = Release|Any CPU
		{1AB2A543-3645-4013-BC7A-2C871F77C03F}.Release|Any CPU.Build.0 = Release|Any CPU
		{2492E445-C40C-4BA6-BC16-CA1F7E4BA5DE}.Debug|Any CPU.ActiveCfg = Debug|Any CPU
		{2492E445-C40C-4BA6-BC16-CA1F7E4BA5DE}.Debug|Any CPU.Build.0 = Debug|Any CPU
		{2492E445-C40C-4BA6-BC16-CA1F7E4BA5DE}.Release|Any CPU.ActiveCfg = Release|Any CPU
		{2492E445-C40C-4BA6-BC16-CA1F7E4BA5DE}.Release|Any CPU.Build.0 = Release|Any CPU
		{900DEC89-A2FE-46A8-97A6-648EF79A817D}.Debug|Any CPU.ActiveCfg = Debug|Any CPU
		{900DEC89-A2FE-46A8-97A6-648EF79A817D}.Debug|Any CPU.Build.0 = Debug|Any CPU
		{900DEC89-A2FE-46A8-97A6-648EF79A817D}.Release|Any CPU.ActiveCfg = Release|Any CPU
		{900DEC89-A2FE-46A8-97A6-648EF79A817D}.Release|Any CPU.Build.0 = Release|Any CPU
		{8CC91FC1-DCA0-4CA4-B5B1-FA663021597B}.Debug|Any CPU.ActiveCfg = Debug|Any CPU
		{8CC91FC1-DCA0-4CA4-B5B1-FA663021597B}.Debug|Any CPU.Build.0 = Debug|Any CPU
		{8CC91FC1-DCA0-4CA4-B5B1-FA663021597B}.Release|Any CPU.ActiveCfg = Release|Any CPU
		{8CC91FC1-DCA0-4CA4-B5B1-FA663021597B}.Release|Any CPU.Build.0 = Release|Any CPU
		{71EE7F78-F01C-4BB6-823B-EEF2FF5A7AF1}.Debug|Any CPU.ActiveCfg = Debug|Any CPU
		{71EE7F78-F01C-4BB6-823B-EEF2FF5A7AF1}.Debug|Any CPU.Build.0 = Debug|Any CPU
		{71EE7F78-F01C-4BB6-823B-EEF2FF5A7AF1}.Release|Any CPU.ActiveCfg = Release|Any CPU
		{71EE7F78-F01C-4BB6-823B-EEF2FF5A7AF1}.Release|Any CPU.Build.0 = Release|Any CPU
	EndGlobalSection
	GlobalSection(SolutionProperties) = preSolution
		HideSolutionNode = FALSE
	EndGlobalSection
	GlobalSection(NestedProjects) = preSolution
		{2EF799B0-4257-4AD0-BB81-9F9AD14E3C66} = {737834B2-AF9C-4C41-BF6B-4BF7B2FADD9A}
		{E61CE012-D9B3-4DE3-9EA1-8447D8C94AF8} = {737834B2-AF9C-4C41-BF6B-4BF7B2FADD9A}
		{126D3692-88A5-44E0-96EA-3D6C6BE97397} = {737834B2-AF9C-4C41-BF6B-4BF7B2FADD9A}
		{F8BD223B-1C6E-498F-96FF-6A6BF1F2A5F9} = {35F64345-E8BE-4186-9DCD-D6F9A170019D}
		{1AB2A543-3645-4013-BC7A-2C871F77C03F} = {35F64345-E8BE-4186-9DCD-D6F9A170019D}
		{2492E445-C40C-4BA6-BC16-CA1F7E4BA5DE} = {35F64345-E8BE-4186-9DCD-D6F9A170019D}
		{900DEC89-A2FE-46A8-97A6-648EF79A817D} = {B438447C-3394-4B5E-955E-3EF19A310BA3}
		{8CC91FC1-DCA0-4CA4-B5B1-FA663021597B} = {B438447C-3394-4B5E-955E-3EF19A310BA3}
		{71EE7F78-F01C-4BB6-823B-EEF2FF5A7AF1} = {B438447C-3394-4B5E-955E-3EF19A310BA3}
	EndGlobalSection
	GlobalSection(ExtensibilityGlobals) = postSolution
		SolutionGuid = {C3670176-9D73-478F-BCAA-D6FB219B1A1D}
	EndGlobalSection
EndGlobal
